
Microsoft Visual Studio Solution File, Format Version 12.00
# Visual Studio Version 16
VisualStudioVersion = 16.0.33529.622
MinimumVisualStudioVersion = 10.0.40219.1
Project("{FAE04EC0-301F-11D3-BF4B-00C04F79EFBC}") = "Final_Assignment", "Final_Assignment\Final_Assignment.csproj", "{93B3E233-FF47-4546-B874-66F53213A3DC}"
EndProject
Global
	GlobalSection(SolutionConfigurationPlatforms) = preSolution
		Debug|Any CPU = Debug|Any CPU
		Release|Any CPU = Release|Any CPU
	EndGlobalSection
	GlobalSection(ProjectConfigurationPlatforms) = postSolution
		{93B3E233-FF47-4546-B874-66F53213A3DC}.Debug|Any CPU.ActiveCfg = Debug|Any CPU
		{93B3E233-FF47-4546-B874-66F53213A3DC}.Debug|Any CPU.Build.0 = Debug|Any CPU
		{93B3E233-FF47-4546-B874-66F53213A3DC}.Release|Any CPU.ActiveCfg = Release|Any CPU
		{93B3E233-FF47-4546-B874-66F53213A3DC}.Release|Any CPU.Build.0 = Release|Any CPU
	EndGlobalSection
	GlobalSection(SolutionProperties) = preSolution
		HideSolutionNode = FALSE
	EndGlobalSection
	GlobalSection(ExtensibilityGlobals) = postSolution
		SolutionGuid = {C2808575-AC53-48E2-B484-E9329ADF46D5}
	EndGlobalSection
EndGlobal
